#
# This file is autogenerated by pip-compile
# by the following command:
#
#    pip-compile --allow-unsafe --strip-extras --output-file=requirements.lock requirements.in
#
cfgv==3.5.0
    # via pre-commit
distlib==0.4.0
    # via virtualenv
filelock==3.24.3
    # via virtualenv
identify==2.6.16
    # via pre-commit
iniconfig==2.3.0
    # via pytest
nodeenv==1.10.0
    # via pre-commit
packaging==26.0
    # via pytest
platformdirs==4.9.2
    # via virtualenv
pluggy==1.6.0
    # via pytest
pre-commit==4.5.1
    # via -r requirements.in
pygments==2.19.2
    # via pytest
pytest==9.0.2
    # via -r requirements.in
pyyaml==6.0.3
    # via
    #   -r requirements.in
    #   pre-commit
semver==3.0.4
    # via -r requirements.in
tqdm==4.67.3
    # via -r requirements.in
virtualenv==20.39.0
    # via pre-commit
